
Microsoft Visual Studio Solution File, Format Version 12.00
# Visual Studio Version 17
VisualStudioVersion = 17.7.34202.233
MinimumVisualStudioVersion = 10.0.40219.1
Project("{9A19103F-16F7-4668-BE54-9A1E7A4F7556}") = "SpecFlowBasics", "SpecFlowBasics\SpecFlowBasics.csproj", "{AF66FF4F-85F8-41A0-B9F7-D2A2A3E39E40}"
EndProject
Project("{FAE04EC0-301F-11D3-BF4B-00C04F79EFBC}") = "API.Framework", "API.Framework\API.Framework.csproj", "{8ED33BE0-BCBB-48C7-AE9E-4A7998B7ACA0}"
EndProject
Global
	GlobalSection(SolutionConfigurationPlatforms) = preSolution
		Debug|Any CPU = Debug|Any CPU
		Release|Any CPU = Release|Any CPU
	EndGlobalSection
	GlobalSection(ProjectConfigurationPlatforms) = postSolution
		{AF66FF4F-85F8-41A0-B9F7-D2A2A3E39E40}.Debug|Any CPU.ActiveCfg = Debug|Any CPU
		{AF66FF4F-85F8-41A0-B9F7-D2A2A3E39E40}.Debug|Any CPU.Build.0 = Debug|Any CPU
		{AF66FF4F-85F8-41A0-B9F7-D2A2A3E39E40}.Release|Any CPU.ActiveCfg = Release|Any CPU
		{AF66FF4F-85F8-41A0-B9F7-D2A2A3E39E40}.Release|Any CPU.Build.0 = Release|Any CPU
		{8ED33BE0-BCBB-48C7-AE9E-4A7998B7ACA0}.Debug|Any CPU.ActiveCfg = Debug|Any CPU
		{8ED33BE0-BCBB-48C7-AE9E-4A7998B7ACA0}.Debug|Any CPU.Build.0 = Debug|Any CPU
		{8ED33BE0-BCBB-48C7-AE9E-4A7998B7ACA0}.Release|Any CPU.ActiveCfg = Release|Any CPU
		{8ED33BE0-BCBB-48C7-AE9E-4A7998B7ACA0}.Release|Any CPU.Build.0 = Release|Any CPU
	EndGlobalSection
	GlobalSection(SolutionProperties) = preSolution
		HideSolutionNode = FALSE
	EndGlobalSection
	GlobalSection(ExtensibilityGlobals) = postSolution
		SolutionGuid = {7F960038-C629-4E31-90BC-30AC619E1350}
	EndGlobalSection
EndGlobal
